
Microsoft Visual Studio Solution File, Format Version 12.00
# Visual Studio Version 17
VisualStudioVersion = 17.11.35312.102
MinimumVisualStudioVersion = 10.0.40219.1
Project("{FAE04EC0-301F-11D3-BF4B-00C04F79EFBC}") = "PixisAirGroupProject", "PixisAirGroupProject.csproj", "{294B051A-90B8-4549-BBA8-D149C9629A24}"
EndProject
Global
	GlobalSection(SolutionConfigurationPlatforms) = preSolution
		Debug|Any CPU = Debug|Any CPU
		Release|Any CPU = Release|Any CPU
	EndGlobalSection
	GlobalSection(ProjectConfigurationPlatforms) = postSolution
		{294B051A-90B8-4549-BBA8-D149C9629A24}.Debug|Any CPU.ActiveCfg = Debug|Any CPU
		{294B051A-90B8-4549-BBA8-D149C9629A24}.Debug|Any CPU.Build.0 = Debug|Any CPU
		{294B051A-90B8-4549-BBA8-D149C9629A24}.Release|Any CPU.ActiveCfg = Release|Any CPU
		{294B051A-90B8-4549-BBA8-D149C9629A24}.Release|Any CPU.Build.0 = Release|Any CPU
	EndGlobalSection
	GlobalSection(SolutionProperties) = preSolution
		HideSolutionNode = FALSE
	EndGlobalSection
	GlobalSection(ExtensibilityGlobals) = postSolution
		SolutionGuid = {501E962F-6686-465D-8A1D-FB756B5B16E7}
	EndGlobalSection
EndGlobal
